
Microsoft Visual Studio Solution File, Format Version 12.00
# Visual Studio 14
VisualStudioVersion = 14.0.25420.1
MinimumVisualStudioVersion = 10.0.40219.1
Project("{2150E333-8FDC-42A3-9474-1A3956D46DE8}") = "Tests", "Tests", "{E4BF521B-A169-4877-8C4B-560053DABE66}"
EndProject
Project("{2150E333-8FDC-42A3-9474-1A3956D46DE8}") = "Clients", "Clients", "{3581ACEE-A447-489F-B134-724F5563D182}"
EndProject
Project("{2150E333-8FDC-42A3-9474-1A3956D46DE8}") = "Setup", "Setup", "{096A3392-47D4-46F7-BA9F-249ACF9E9705}"
EndProject
Project("{FAE04EC0-301F-11D3-BF4B-00C04F79EFBC}") = "UnityComments", "UnityComments\UnityComments.csproj", "{E1A56F89-507D-4CCF-87CA-BB4C32B3C6ED}"
EndProject
Project("{FAE04EC0-301F-11D3-BF4B-00C04F79EFBC}") = "UnityTranslatorCommand", "Clients\UnityTranslatorCommand\UnityTranslatorCommand.csproj", "{B82FEE8B-17A2-4478-895B-62A0F1E1BF94}"
EndProject
Project("{FAE04EC0-301F-11D3-BF4B-00C04F79EFBC}") = "SE.UnityTranslatorExcel", "Clients\SE.UnityTranslatorExcel\SE.UnityTranslatorExcel.csproj", "{9F85586C-0D91-4CF6-B7B2-48FDD160268D}"
EndProject
Project("{FAE04EC0-301F-11D3-BF4B-00C04F79EFBC}") = "TestTranslator", "Tests\UnitTest\TestTranslator.csproj", "{67262C49-351F-45F1-8DD4-8A6D8B10FE93}"
EndProject
Project("{6141683F-8A12-4E36-9623-2EB02B2C2303}") = "UnityTranslatorExcelAddInInstaller", "Setup\Excel\UnityTranslatorExcelAddInInstaller.isproj", "{3E4C0654-AA7E-4743-AC78-388EC77CD678}"
	ProjectSection(ProjectDependencies) = postProject
		{9F85586C-0D91-4CF6-B7B2-48FDD160268D} = {9F85586C-0D91-4CF6-B7B2-48FDD160268D}
	EndProjectSection
EndProject
Global
	GlobalSection(SolutionConfigurationPlatforms) = preSolution
		CD_ROM|Any CPU = CD_ROM|Any CPU
		CD_ROM|x86 = CD_ROM|x86
		Debug|Any CPU = Debug|Any CPU
		Debug|x86 = Debug|x86
		DVD-5|Any CPU = DVD-5|Any CPU
		DVD-5|x86 = DVD-5|x86
		Release|Any CPU = Release|Any CPU
		Release|x86 = Release|x86
		SingleImage|Any CPU = SingleImage|Any CPU
		SingleImage|x86 = SingleImage|x86
	EndGlobalSection
	GlobalSection(ProjectConfigurationPlatforms) = postSolution
		{E1A56F89-507D-4CCF-87CA-BB4C32B3C6ED}.CD_ROM|Any CPU.ActiveCfg = Release|Any CPU
		{E1A56F89-507D-4CCF-87CA-BB4C32B3C6ED}.CD_ROM|Any CPU.Build.0 = Release|Any CPU
		{E1A56F89-507D-4CCF-87CA-BB4C32B3C6ED}.CD_ROM|x86.ActiveCfg = Release|x86
		{E1A56F89-507D-4CCF-87CA-BB4C32B3C6ED}.CD_ROM|x86.Build.0 = Release|x86
		{E1A56F89-507D-4CCF-87CA-BB4C32B3C6ED}.Debug|Any CPU.ActiveCfg = Debug|Any CPU
		{E1A56F89-507D-4CCF-87CA-BB4C32B3C6ED}.Debug|Any CPU.Build.0 = Debug|Any CPU
		{E1A56F89-507D-4CCF-87CA-BB4C32B3C6ED}.Debug|x86.ActiveCfg = Debug|x86
		{E1A56F89-507D-4CCF-87CA-BB4C32B3C6ED}.Debug|x86.Build.0 = Debug|x86
		{E1A56F89-507D-4CCF-87CA-BB4C32B3C6ED}.DVD-5|Any CPU.ActiveCfg = Debug|Any CPU
		{E1A56F89-507D-4CCF-87CA-BB4C32B3C6ED}.DVD-5|Any CPU.Build.0 = Debug|Any CPU
		{E1A56F89-507D-4CCF-87CA-BB4C32B3C6ED}.DVD-5|x86.ActiveCfg = Debug|Any CPU
		{E1A56F89-507D-4CCF-87CA-BB4C32B3C6ED}.DVD-5|x86.Build.0 = Debug|Any CPU
		{E1A56F89-507D-4CCF-87CA-BB4C32B3C6ED}.Release|Any CPU.ActiveCfg = Release|Any CPU
		{E1A56F89-507D-4CCF-87CA-BB4C32B3C6ED}.Release|Any CPU.Build.0 = Release|Any CPU
		{E1A56F89-507D-4CCF-87CA-BB4C32B3C6ED}.Release|x86.ActiveCfg = Release|x86
		{E1A56F89-507D-4CCF-87CA-BB4C32B3C6ED}.Release|x86.Build.0 = Release|x86
		{E1A56F89-507D-4CCF-87CA-BB4C32B3C6ED}.SingleImage|Any CPU.ActiveCfg = Release|Any CPU
		{E1A56F89-507D-4CCF-87CA-BB4C32B3C6ED}.SingleImage|Any CPU.Build.0 = Release|Any CPU
		{E1A56F89-507D-4CCF-87CA-BB4C32B3C6ED}.SingleImage|x86.ActiveCfg = Release|x86
		{E1A56F89-507D-4CCF-87CA-BB4C32B3C6ED}.SingleImage|x86.Build.0 = Release|x86
		{B82FEE8B-17A2-4478-895B-62A0F1E1BF94}.CD_ROM|Any CPU.ActiveCfg = Release|Any CPU
		{B82FEE8B-17A2-4478-895B-62A0F1E1BF94}.CD_ROM|Any CPU.Build.0 = Release|Any CPU
		{B82FEE8B-17A2-4478-895B-62A0F1E1BF94}.CD_ROM|x86.ActiveCfg = Release|x86
		{B82FEE8B-17A2-4478-895B-62A0F1E1BF94}.CD_ROM|x86.Build.0 = Release|x86
		{B82FEE8B-17A2-4478-895B-62A0F1E1BF94}.Debug|Any CPU.ActiveCfg = Debug|Any CPU
		{B82FEE8B-17A2-4478-895B-62A0F1E1BF94}.Debug|Any CPU.Build.0 = Debug|Any CPU
		{B82FEE8B-17A2-4478-895B-62A0F1E1BF94}.Debug|x86.ActiveCfg = Debug|x86
		{B82FEE8B-17A2-4478-895B-62A0F1E1BF94}.Debug|x86.Build.0 = Debug|x86
		{B82FEE8B-17A2-4478-895B-62A0F1E1BF94}.DVD-5|Any CPU.ActiveCfg = Debug|Any CPU
		{B82FEE8B-17A2-4478-895B-62A0F1E1BF94}.DVD-5|Any CPU.Build.0 = Debug|Any CPU
		{B82FEE8B-17A2-4478-895B-62A0F1E1BF94}.DVD-5|x86.ActiveCfg = Debug|x86
		{B82FEE8B-17A2-4478-895B-62A0F1E1BF94}.DVD-5|x86.Build.0 = Debug|x86
		{B82FEE8B-17A2-4478-895B-62A0F1E1BF94}.Release|Any CPU.ActiveCfg = Release|Any CPU
		{B82FEE8B-17A2-4478-895B-62A0F1E1BF94}.Release|Any CPU.Build.0 = Release|Any CPU
		{B82FEE8B-17A2-4478-895B-62A0F1E1BF94}.Release|x86.ActiveCfg = Release|x86
		{B82FEE8B-17A2-4478-895B-62A0F1E1BF94}.Release|x86.Build.0 = Release|x86
		{B82FEE8B-17A2-4478-895B-62A0F1E1BF94}.SingleImage|Any CPU.ActiveCfg = Release|Any CPU
		{B82FEE8B-17A2-4478-895B-62A0F1E1BF94}.SingleImage|Any CPU.Build.0 = Release|Any CPU
		{B82FEE8B-17A2-4478-895B-62A0F1E1BF94}.SingleImage|x86.ActiveCfg = Release|x86
		{B82FEE8B-17A2-4478-895B-62A0F1E1BF94}.SingleImage|x86.Build.0 = Release|x86
		{9F85586C-0D91-4CF6-B7B2-48FDD160268D}.CD_ROM|Any CPU.ActiveCfg = Release|Any CPU
		{9F85586C-0D91-4CF6-B7B2-48FDD160268D}.CD_ROM|Any CPU.Build.0 = Release|Any CPU
		{9F85586C-0D91-4CF6-B7B2-48FDD160268D}.CD_ROM|x86.ActiveCfg = Release|x86
		{9F85586C-0D91-4CF6-B7B2-48FDD160268D}.CD_ROM|x86.Build.0 = Release|x86
		{9F85586C-0D91-4CF6-B7B2-48FDD160268D}.Debug|Any CPU.ActiveCfg = Debug|Any CPU
		{9F85586C-0D91-4CF6-B7B2-48FDD160268D}.Debug|Any CPU.Build.0 = Debug|Any CPU
		{9F85586C-0D91-4CF6-B7B2-48FDD160268D}.Debug|x86.ActiveCfg = Debug|x86
		{9F85586C-0D91-4CF6-B7B2-48FDD160268D}.Debug|x86.Build.0 = Debug|x86
		{9F85586C-0D91-4CF6-B7B2-48FDD160268D}.DVD-5|Any CPU.ActiveCfg = Debug|Any CPU
		{9F85586C-0D91-4CF6-B7B2-48FDD160268D}.DVD-5|Any CPU.Build.0 = Debug|Any CPU
		{9F85586C-0D91-4CF6-B7B2-48FDD160268D}.DVD-5|x86.ActiveCfg = Debug|x86
		{9F85586C-0D91-4CF6-B7B2-48FDD160268D}.DVD-5|x86.Build.0 = Debug|x86
		{9F85586C-0D91-4CF6-B7B2-48FDD160268D}.Release|Any CPU.ActiveCfg = Release|Any CPU
		{9F85586C-0D91-4CF6-B7B2-48FDD160268D}.Release|Any CPU.Build.0 = Release|Any CPU
		{9F85586C-0D91-4CF6-B7B2-48FDD160268D}.Release|x86.ActiveCfg = Release|x86
		{9F85586C-0D91-4CF6-B7B2-48FDD160268D}.Release|x86.Build.0 = Release|x86
		{9F85586C-0D91-4CF6-B7B2-48FDD160268D}.SingleImage|Any CPU.ActiveCfg = Release|Any CPU
		{9F85586C-0D91-4CF6-B7B2-48FDD160268D}.SingleImage|Any CPU.Build.0 = Release|Any CPU
		{9F85586C-0D91-4CF6-B7B2-48FDD160268D}.SingleImage|x86.ActiveCfg = Release|x86
		{9F85586C-0D91-4CF6-B7B2-48FDD160268D}.SingleImage|x86.Build.0 = Release|x86
		{67262C49-351F-45F1-8DD4-8A6D8B10FE93}.CD_ROM|Any CPU.ActiveCfg = Release|Any CPU
		{67262C49-351F-45F1-8DD4-8A6D8B10FE93}.CD_ROM|Any CPU.Build.0 = Release|Any CPU
		{67262C49-351F-45F1-8DD4-8A6D8B10FE93}.CD_ROM|x86.ActiveCfg = Release|x86
		{67262C49-351F-45F1-8DD4-8A6D8B10FE93}.CD_ROM|x86.Build.0 = Release|x86
		{67262C49-351F-45F1-8DD4-8A6D8B10FE93}.Debug|Any CPU.ActiveCfg = Debug|Any CPU
		{67262C49-351F-45F1-8DD4-8A6D8B10FE93}.Debug|Any CPU.Build.0 = Debug|Any CPU
		{67262C49-351F-45F1-8DD4-8A6D8B10FE93}.Debug|x86.ActiveCfg = Debug|x86
		{67262C49-351F-45F1-8DD4-8A6D8B10FE93}.Debug|x86.Build.0 = Debug|x86
		{67262C49-351F-45F1-8DD4-8A6D8B10FE93}.DVD-5|Any CPU.ActiveCfg = Debug|Any CPU
		{67262C49-351F-45F1-8DD4-8A6D8B10FE93}.DVD-5|Any CPU.Build.0 = Debug|Any CPU
		{67262C49-351F-45F1-8DD4-8A6D8B10FE93}.DVD-5|x86.ActiveCfg = Debug|x86
		{67262C49-351F-45F1-8DD4-8A6D8B10FE93}.DVD-5|x86.Build.0 = Debug|x86
		{67262C49-351F-45F1-8DD4-8A6D8B10FE93}.Release|Any CPU.ActiveCfg = Release|Any CPU
		{67262C49-351F-45F1-8DD4-8A6D8B10FE93}.Release|Any CPU.Build.0 = Release|Any CPU
		{67262C49-351F-45F1-8DD4-8A6D8B10FE93}.Release|x86.ActiveCfg = Release|x86
		{67262C49-351F-45F1-8DD4-8A6D8B10FE93}.Release|x86.Build.0 = Release|x86
		{67262C49-351F-45F1-8DD4-8A6D8B10FE93}.SingleImage|Any CPU.ActiveCfg = Release|Any CPU
		{67262C49-351F-45F1-8DD4-8A6D8B10FE93}.SingleImage|Any CPU.Build.0 = Release|Any CPU
		{67262C49-351F-45F1-8DD4-8A6D8B10FE93}.SingleImage|x86.ActiveCfg = Release|x86
		{67262C49-351F-45F1-8DD4-8A6D8B10FE93}.SingleImage|x86.Build.0 = Release|x86
		{3E4C0654-AA7E-4743-AC78-388EC77CD678}.CD_ROM|Any CPU.ActiveCfg = CD_ROM
		{3E4C0654-AA7E-4743-AC78-388EC77CD678}.CD_ROM|Any CPU.Build.0 = CD_ROM
		{3E4C0654-AA7E-4743-AC78-388EC77CD678}.CD_ROM|x86.ActiveCfg = CD_ROM
		{3E4C0654-AA7E-4743-AC78-388EC77CD678}.CD_ROM|x86.Build.0 = CD_ROM
		{3E4C0654-AA7E-4743-AC78-388EC77CD678}.Debug|Any CPU.ActiveCfg = DVD-5
		{3E4C0654-AA7E-4743-AC78-388EC77CD678}.Debug|Any CPU.Build.0 = DVD-5
		{3E4C0654-AA7E-4743-AC78-388EC77CD678}.Debug|x86.ActiveCfg = DVD-5
		{3E4C0654-AA7E-4743-AC78-388EC77CD678}.Debug|x86.Build.0 = DVD-5
		{3E4C0654-AA7E-4743-AC78-388EC77CD678}.DVD-5|Any CPU.ActiveCfg = DVD-5
		{3E4C0654-AA7E-4743-AC78-388EC77CD678}.DVD-5|Any CPU.Build.0 = DVD-5
		{3E4C0654-AA7E-4743-AC78-388EC77CD678}.DVD-5|x86.ActiveCfg = DVD-5
		{3E4C0654-AA7E-4743-AC78-388EC77CD678}.DVD-5|x86.Build.0 = DVD-5
		{3E4C0654-AA7E-4743-AC78-388EC77CD678}.Release|Any CPU.ActiveCfg = DVD-5
		{3E4C0654-AA7E-4743-AC78-388EC77CD678}.Release|Any CPU.Build.0 = DVD-5
		{3E4C0654-AA7E-4743-AC78-388EC77CD678}.Release|x86.ActiveCfg = SingleImage
		{3E4C0654-AA7E-4743-AC78-388EC77CD678}.Release|x86.Build.0 = SingleImage
		{3E4C0654-AA7E-4743-AC78-388EC77CD678}.SingleImage|Any CPU.ActiveCfg = SingleImage
		{3E4C0654-AA7E-4743-AC78-388EC77CD678}.SingleImage|Any CPU.Build.0 = SingleImage
		{3E4C0654-AA7E-4743-AC78-388EC77CD678}.SingleImage|x86.ActiveCfg = SingleImage
		{3E4C0654-AA7E-4743-AC78-388EC77CD678}.SingleImage|x86.Build.0 = SingleImage
	EndGlobalSection
	GlobalSection(SolutionProperties) = preSolution
		HideSolutionNode = FALSE
	EndGlobalSection
	GlobalSection(NestedProjects) = preSolution
		{B82FEE8B-17A2-4478-895B-62A0F1E1BF94} = {3581ACEE-A447-489F-B134-724F5563D182}
		{9F85586C-0D91-4CF6-B7B2-48FDD160268D} = {3581ACEE-A447-489F-B134-724F5563D182}
		{67262C49-351F-45F1-8DD4-8A6D8B10FE93} = {E4BF521B-A169-4877-8C4B-560053DABE66}
		{3E4C0654-AA7E-4743-AC78-388EC77CD678} = {096A3392-47D4-46F7-BA9F-249ACF9E9705}
	EndGlobalSection
EndGlobal
